
Microsoft Visual Studio Solution File, Format Version 12.00
# Visual Studio Version 17
VisualStudioVersion = 17.2.32616.157
MinimumVisualStudioVersion = 10.0.40219.1
Project("{FAE04EC0-301F-11D3-BF4B-00C04F79EFBC}") = "AppTest.Android", "AppTest\AppTest.Android\AppTest.Android.csproj", "{1C8764D8-854D-422F-88A2-6A98211D827C}"
EndProject
Project("{FAE04EC0-301F-11D3-BF4B-00C04F79EFBC}") = "AppTest", "AppTest\AppTest\AppTest.csproj", "{7B93FD50-689F-47EC-A122-7EC27D3F1AB8}"
EndProject
Global
	GlobalSection(SolutionConfigurationPlatforms) = preSolution
		Debug|Any CPU = Debug|Any CPU
		Release|Any CPU = Release|Any CPU
	EndGlobalSection
	GlobalSection(ProjectConfigurationPlatforms) = postSolution
		{1C8764D8-854D-422F-88A2-6A98211D827C}.Debug|Any CPU.ActiveCfg = Debug|Any CPU
		{1C8764D8-854D-422F-88A2-6A98211D827C}.Debug|Any CPU.Build.0 = Debug|Any CPU
		{1C8764D8-854D-422F-88A2-6A98211D827C}.Debug|Any CPU.Deploy.0 = Debug|Any CPU
		{1C8764D8-854D-422F-88A2-6A98211D827C}.Release|Any CPU.ActiveCfg = Release|Any CPU
		{1C8764D8-854D-422F-88A2-6A98211D827C}.Release|Any CPU.Build.0 = Release|Any CPU
		{1C8764D8-854D-422F-88A2-6A98211D827C}.Release|Any CPU.Deploy.0 = Release|Any CPU
		{7B93FD50-689F-47EC-A122-7EC27D3F1AB8}.Debug|Any CPU.ActiveCfg = Debug|Any CPU
		{7B93FD50-689F-47EC-A122-7EC27D3F1AB8}.Debug|Any CPU.Build.0 = Debug|Any CPU
		{7B93FD50-689F-47EC-A122-7EC27D3F1AB8}.Debug|Any CPU.Deploy.0 = Debug|Any CPU
		{7B93FD50-689F-47EC-A122-7EC27D3F1AB8}.Release|Any CPU.ActiveCfg = Release|Any CPU
		{7B93FD50-689F-47EC-A122-7EC27D3F1AB8}.Release|Any CPU.Build.0 = Release|Any CPU
		{7B93FD50-689F-47EC-A122-7EC27D3F1AB8}.Release|Any CPU.Deploy.0 = Release|Any CPU
	EndGlobalSection
	GlobalSection(SolutionProperties) = preSolution
		HideSolutionNode = FALSE
	EndGlobalSection
	GlobalSection(ExtensibilityGlobals) = postSolution
		SolutionGuid = {419F2695-C705-4DFE-B23A-EC9F1B0E5FC4}
	EndGlobalSection
EndGlobal
